// !$*UTF8*$!
{
	archiveVersion = 1;
	classes = {
	};
	objectVersion = 46;
	objects = {

/* Begin PBXBuildFile section */
		DE58B40F1CEEA1FF004BEB49 /* main.m in Sources */ = {isa = PBXBuildFile; fileRef = DE58B40E1CEEA1FF004BEB49 /* main.m */; };
		DE58B4171CEEAB71004BEB49 /* README.md in Sources */ = {isa = PBXBuildFile; fileRef = DE58B4161CEEAB71004BEB49 /* README.md */; };
/* End PBXBuildFile section */

/* Begin PBXCopyFilesBuildPhase section */
		DE58B4091CEEA1FF004BEB49 /* CopyFiles */ = {
			isa = PBXCopyFilesBuildPhase;
			buildActionMask = 2147483647;
			dstPath = /usr/share/man/man1/;
			dstSubfolderSpec = 0;
			files = (
			);
			runOnlyForDeploymentPostprocessing = 1;
		};
/* End PBXCopyFilesBuildPhase section */

/* Begin PBXFileReference section */
		DE58B40B1CEEA1FF004BEB49 /* git_xcode_tutorial */ = {isa = PBXFileReference; explicitFileType = "compiled.mach-o.executable"; includeInIndex = 0; path = git_xcode_tutorial; sourceTree = BUILT_PRODUCTS_DIR; };
		DE58B40E1CEEA1FF004BEB49 /* main.m */ = {isa = PBXFileReference; lastKnownFileType = sourcecode.c.objc; path = main.m; sourceTree = "<group>"; };
		DE58B4151CEEA7A4004BEB49 /* .gitignore */ = {isa = PBXFileReference; fileEncoding = 4; lastKnownFileType = text; path = .gitignore; sourceTree = "<group>"; };
		DE58B4161CEEAB71004BEB49 /* README.md */ = {isa = PBXFileReference; fileEncoding = 4; lastKnownFileType = net.daringfireball.markdown; path = README.md; sourceTree = "<group>"; };
/* End PBXFileReference section */

/* Begin PBXFrameworksBuildPhase section */
		DE58B4081CEEA1FF004BEB49 /* Frameworks */ = {
			isa = PBXFrameworksBuildPhase;
			buildActionMask = 2147483647;
			files = (
			);
			runOnlyForDeploymentPostprocessing = 0;
		};
/* End PBXFrameworksBuildPhase section */

/* Begin PBXGroup section */
		DE58B4021CEEA1FF004BEB49 = {
			isa = PBXGroup;
			children = (
				DE58B4161CEEAB71004BEB49 /* README.md */,
				DE58B4151CEEA7A4004BEB49 /* .gitignore */,
				DE58B40D1CEEA1FF004BEB49 /* git_xcode_tutorial */,
				DE58B40C1CEEA1FF004BEB49 /* Products */,
			);
			sourceTree = "<group>";
		};
		DE58B40C1CEEA1FF004BEB49 /* Products */ = {
			isa = PBXGroup;
			children = (
				DE58B40B1CEEA1FF004BEB49 /* git_xcode_tutorial */,
			);
			name = Products;
			sourceTree = "<group>";
		};
		DE58B40D1CEEA1FF004BEB49 /* git_xcode_tutorial */ = {
			isa = PBXGroup;
			children = (
				DE58B40E1CEEA1FF004BEB49 /* main.m */,
			);
			path = git_xcode_tutorial;
			sourceTree = "<group>";
		};
/* End PBXGroup section */

/* Begin PBXNativeTarget section */
		DE58B40A1CEEA1FF004BEB49 /* git_xcode_tutorial */ = {
			isa = PBXNativeTarget;
			buildConfigurationList = DE58B4121CEEA1FF004BEB49 /* Build configuration list for PBXNativeTarget "git_xcode_tutorial" */;
			buildPhases = (
				DE58B4071CEEA1FF004BEB49 /* Sources */,
				DE58B4081CEEA1FF004BEB49 /* Frameworks */,
				DE58B4091CEEA1FF004BEB49 /* CopyFiles */,
			);
			buildRules = (
			);
			dependencies = (
			);
			name = git_xcode_tutorial;
			productName = git_xcode_tutorial;
			productReference = DE58B40B1CEEA1FF004BEB49 /* git_xcode_tutorial */;
			productType = "com.apple.product-type.tool";
		};
/* End PBXNativeTarget section */

/* Begin PBXProject section */
		DE58B4031CEEA1FF004BEB49 /* Project object */ = {
			isa = PBXProject;
			attributes = {
				LastUpgradeCheck = 0730;
				ORGANIZATIONNAME = "김호철";
				TargetAttributes = {
					DE58B40A1CEEA1FF004BEB49 = {
						CreatedOnToolsVersion = 7.3;
					};
				};
			};
			buildConfigurationList = DE58B4061CEEA1FF004BEB49 /* Build configuration list for PBXProject "git_xcode_tutorial" */;
			compatibilityVersion = "Xcode 3.2";
			developmentRegion = English;
			hasScannedForEncodings = 0;
			knownRegions = (
				en,
			);
			mainGroup = DE58B4021CEEA1FF004BEB49;
			productRefGroup = DE58B40C1CEEA1FF004BEB49 /* Products */;
			projectDirPath = "";
			projectRoot = "";
			targets = (
				DE58B40A1CEEA1FF004BEB49 /* git_xcode_tutorial */,
			);
		};
/* End PBXProject section */

/* Begin PBXSourcesBuildPhase section */
		DE58B4071CEEA1FF004BEB49 /* Sources */ = {
			isa = PBXSourcesBuildPhase;
			buildActionMask = 2147483647;
			files = (
				DE58B4171CEEAB71004BEB49 /* README.md in Sources */,
				DE58B40F1CEEA1FF004BEB49 /* main.m in Sources */,
			);
			runOnlyForDeploymentPostprocessing = 0;
		};
/* End PBXSourcesBuildPhase section */

/* Begin XCBuildConfiguration section */
		DE58B4101CEEA1FF004BEB49 /* Debug */ = {
			isa = XCBuildConfiguration;
			buildSettings = {
				ALWAYS_SEARCH_USER_PATHS = NO;
				CLANG_ANALYZER_NONNULL = YES;
				CLANG_CXX_LANGUAGE_STANDARD = "gnu++0x";
				CLANG_CXX_LIBRARY = "libc++";
				CLANG_ENABLE_MODULES = YES;
				CLANG_ENABLE_OBJC_ARC = YES;
				CLANG_WARN_BOOL_CONVERSION = YES;
				CLANG_WARN_CONSTANT_CONVERSION = YES;
				CLANG_WARN_DIRECT_OBJC_ISA_USAGE = YES_ERROR;
				CLANG_WARN_EMPTY_BODY = YES;
				CLANG_WARN_ENUM_CONVERSION = YES;
				CLANG_WARN_INT_CONVERSION = YES;
				CLANG_WARN_OBJC_ROOT_CLASS = YES_ERROR;
				CLANG_WARN_UNREACHABLE_CODE = YES;
				CLANG_WARN__DUPLICATE_METHOD_MATCH = YES;
				CODE_SIGN_IDENTITY = "-";
				COPY_PHASE_STRIP = NO;
				DEBUG_INFORMATION_FORMAT = dwarf;
				ENABLE_STRICT_OBJC_MSGSEND = YES;
				ENABLE_TESTABILITY = YES;
				GCC_C_LANGUAGE_STANDARD = gnu99;
				GCC_DYNAMIC_NO_PIC = NO;
				GCC_NO_COMMON_BLOCKS = YES;
				GCC_OPTIMIZATION_LEVEL = 0;
				GCC_PREPROCESSOR_DEFINITIONS = (
					"DEBUG=1",
					"$(inherited)",
				);
				GCC_WARN_64_TO_32_BIT_CONVERSION = YES;
				GCC_WARN_ABOUT_RETURN_TYPE = YES_ERROR;
				GCC_WARN_UNDECLARED_SELECTOR = YES;
				GCC_WARN_UNINITIALIZED_AUTOS = YES_AGGRESSIVE;
				GCC_WARN_UNUSED_FUNCTION = YES;
				GCC_WARN_UNUSED_VARIABLE = YES;
				MACOSX_DEPLOYMENT_TARGET = 10.11;
				MTL_ENABLE_DEBUG_INFO = YES;
				ONLY_ACTIVE_ARCH = YES;
				SDKROOT = macosx;
			};
			name = Debug;
		};
		DE58B4111CEEA1FF004BEB49 /* Release */ = {
			isa = XCBuildConfiguration;
			buildSettings = {
				ALWAYS_SEARCH_USER_PATHS = NO;
				CLANG_ANALYZER_NONNULL = YES;
				CLANG_CXX_LANGUAGE_STANDARD = "gnu++0x";
				CLANG_CXX_LIBRARY = "libc++";
				CLANG_ENABLE_MODULES = YES;
				CLANG_ENABLE_OBJC_ARC = YES;
				CLANG_WARN_BOOL_CONVERSION = YES;
				CLANG_WARN_CONSTANT_CONVERSION = YES;
				CLANG_WARN_DIRECT_OBJC_ISA_USAGE = YES_ERROR;
				CLANG_WARN_EMPTY_BODY = YES;
				CLANG_WARN_ENUM_CONVERSION = YES;
				CLANG_WARN_INT_CONVERSION = YES;
				CLANG_WARN_OBJC_ROOT_CLASS = YES_ERROR;
				CLANG_WARN_UNREACHABLE_CODE = YES;
				CLANG_WARN__DUPLICATE_METHOD_MATCH = YES;
				CODE_SIGN_IDENTITY = "-";
				COPY_PHASE_STRIP = NO;
				DEBUG_INFORMATION_FORMAT = "dwarf-with-dsym";
				ENABLE_NS_ASSERTIONS = NO;
				ENABLE_STRICT_OBJC_MSGSEND = YES;
				GCC_C_LANGUAGE_STANDARD = gnu99;
				GCC_NO_COMMON_BLOCKS = YES;
				GCC_WARN_64_TO_32_BIT_CONVERSION = YES;
				GCC_WARN_ABOUT_RETURN_TYPE = YES_ERROR;
				GCC_WARN_UNDECLARED_SELECTOR = YES;
				GCC_WARN_UNINITIALIZED_AUTOS = YES_AGGRESSIVE;
				GCC_WARN_UNUSED_FUNCTION = YES;
				GCC_WARN_UNUSED_VARIABLE = YES;
				MACOSX_DEPLOYMENT_TARGET = 10.11;
				MTL_ENABLE_DEBUG_INFO = NO;
				SDKROOT = macosx;
			};
			name = Release;
		};
		DE58B4131CEEA1FF004BEB49 /* Debug */ = {
			isa = XCBuildConfiguration;
			buildSettings = {
				PRODUCT_NAME = "$(TARGET_NAME)";
			};
			name = Debug;
		};
		DE58B4141CEEA1FF004BEB49 /* Release */ = {
			isa = XCBuildConfiguration;
			buildSettings = {
				PRODUCT_NAME = "$(TARGET_NAME)";
			};
			name = Release;
		};
/* End XCBuildConfiguration section */

/* Begin XCConfigurationList section */
		DE58B4061CEEA1FF004BEB49 /* Build configuration list for PBXProject "git_xcode_tutorial" */ = {
			isa = XCConfigurationList;
			buildConfigurations = (
				DE58B4101CEEA1FF004BEB49 /* Debug */,
				DE58B4111CEEA1FF004BEB49 /* Release */,
			);
			defaultConfigurationIsVisible = 0;
			defaultConfigurationName = Release;
		};
		DE58B4121CEEA1FF004BEB49 /* Build configuration list for PBXNativeTarget "git_xcode_tutorial" */ = {
			isa = XCConfigurationList;
			buildConfigurations = (
				DE58B4131CEEA1FF004BEB49 /* Debug */,
				DE58B4141CEEA1FF004BEB49 /* Release */,
			);
			defaultConfigurationIsVisible = 0;
			defaultConfigurationName = Release;
		};
/* End XCConfigurationList section */
	};
	rootObject = DE58B4031CEEA1FF004BEB49 /* Project object */;
}
